
Microsoft Visual Studio Solution File, Format Version 12.00
# Visual Studio Version 16
VisualStudioVersion = 16.0.31205.134
MinimumVisualStudioVersion = 10.0.40219.1
Project("{FAE04EC0-301F-11D3-BF4B-00C04F79EFBC}") = "RecipeApp", "RecipeApp\RecipeApp.csproj", "{86F94AE6-6896-4486-A05F-AC0859C547CE}"
EndProject
Project("{FAE04EC0-301F-11D3-BF4B-00C04F79EFBC}") = "RecipeBLL", "RecipeBLL\RecipeBLL.csproj", "{364F37EE-E601-41C7-AD5C-1D2CCB443D5A}"
EndProject
Project("{FAE04EC0-301F-11D3-BF4B-00C04F79EFBC}") = "RecipeDAL", "RecipeDAL\RecipeDAL.csproj", "{8447228C-5BD9-42F8-8268-1A1942CD37C7}"
EndProject
Global
	GlobalSection(SolutionConfigurationPlatforms) = preSolution
		Debug|Any CPU = Debug|Any CPU
		Release|Any CPU = Release|Any CPU
	EndGlobalSection
	GlobalSection(ProjectConfigurationPlatforms) = postSolution
		{86F94AE6-6896-4486-A05F-AC0859C547CE}.Debug|Any CPU.ActiveCfg = Debug|Any CPU
		{86F94AE6-6896-4486-A05F-AC0859C547CE}.Debug|Any CPU.Build.0 = Debug|Any CPU
		{86F94AE6-6896-4486-A05F-AC0859C547CE}.Release|Any CPU.ActiveCfg = Release|Any CPU
		{86F94AE6-6896-4486-A05F-AC0859C547CE}.Release|Any CPU.Build.0 = Release|Any CPU
		{364F37EE-E601-41C7-AD5C-1D2CCB443D5A}.Debug|Any CPU.ActiveCfg = Debug|Any CPU
		{364F37EE-E601-41C7-AD5C-1D2CCB443D5A}.Debug|Any CPU.Build.0 = Debug|Any CPU
		{364F37EE-E601-41C7-AD5C-1D2CCB443D5A}.Release|Any CPU.ActiveCfg = Release|Any CPU
		{364F37EE-E601-41C7-AD5C-1D2CCB443D5A}.Release|Any CPU.Build.0 = Release|Any CPU
		{8447228C-5BD9-42F8-8268-1A1942CD37C7}.Debug|Any CPU.ActiveCfg = Debug|Any CPU
		{8447228C-5BD9-42F8-8268-1A1942CD37C7}.Debug|Any CPU.Build.0 = Debug|Any CPU
		{8447228C-5BD9-42F8-8268-1A1942CD37C7}.Release|Any CPU.ActiveCfg = Release|Any CPU
		{8447228C-5BD9-42F8-8268-1A1942CD37C7}.Release|Any CPU.Build.0 = Release|Any CPU
	EndGlobalSection
	GlobalSection(SolutionProperties) = preSolution
		HideSolutionNode = FALSE
	EndGlobalSection
	GlobalSection(ExtensibilityGlobals) = postSolution
		SolutionGuid = {D413AD4B-60B8-4702-967B-01DE820CAF51}
	EndGlobalSection
EndGlobal
